
Microsoft Visual Studio Solution File, Format Version 12.00
# Visual Studio Version 17
VisualStudioVersion = 17.9.34607.119
MinimumVisualStudioVersion = 10.0.40219.1
Project("{FAE04EC0-301F-11D3-BF4B-00C04F79EFBC}") = "backend", "backend\backend.csproj", "{C446E120-C565-4775-B4DC-45B41E2A151E}"
EndProject
Global
	GlobalSection(SolutionConfigurationPlatforms) = preSolution
		Debug|Any CPU = Debug|Any CPU
		Release|Any CPU = Release|Any CPU
	EndGlobalSection
	GlobalSection(ProjectConfigurationPlatforms) = postSolution
		{C446E120-C565-4775-B4DC-45B41E2A151E}.Debug|Any CPU.ActiveCfg = Debug|Any CPU
		{C446E120-C565-4775-B4DC-45B41E2A151E}.Debug|Any CPU.Build.0 = Debug|Any CPU
		{C446E120-C565-4775-B4DC-45B41E2A151E}.Release|Any CPU.ActiveCfg = Release|Any CPU
		{C446E120-C565-4775-B4DC-45B41E2A151E}.Release|Any CPU.Build.0 = Release|Any CPU
	EndGlobalSection
	GlobalSection(SolutionProperties) = preSolution
		HideSolutionNode = FALSE
	EndGlobalSection
	GlobalSection(ExtensibilityGlobals) = postSolution
		SolutionGuid = {33D10B63-67BB-4B39-A9FE-E2F6CD4F0408}
	EndGlobalSection
EndGlobal
